
Microsoft Visual Studio Solution File, Format Version 12.00
# Visual Studio Version 16
VisualStudioVersion = 16.0.30413.136
MinimumVisualStudioVersion = 10.0.40219.1
Project("{FAE04EC0-301F-11D3-BF4B-00C04F79EFBC}") = "SimpleElasticClient", "SimpleElasticClient\SimpleElasticClient.csproj", "{64167716-D72A-4A5A-AA4A-6D4255F21FE9}"
EndProject
Global
	GlobalSection(SolutionConfigurationPlatforms) = preSolution
		Debug|Any CPU = Debug|Any CPU
		Release|Any CPU = Release|Any CPU
	EndGlobalSection
	GlobalSection(ProjectConfigurationPlatforms) = postSolution
		{64167716-D72A-4A5A-AA4A-6D4255F21FE9}.Debug|Any CPU.ActiveCfg = Debug|Any CPU
		{64167716-D72A-4A5A-AA4A-6D4255F21FE9}.Debug|Any CPU.Build.0 = Debug|Any CPU
		{64167716-D72A-4A5A-AA4A-6D4255F21FE9}.Release|Any CPU.ActiveCfg = Release|Any CPU
		{64167716-D72A-4A5A-AA4A-6D4255F21FE9}.Release|Any CPU.Build.0 = Release|Any CPU
	EndGlobalSection
	GlobalSection(SolutionProperties) = preSolution
		HideSolutionNode = FALSE
	EndGlobalSection
	GlobalSection(ExtensibilityGlobals) = postSolution
		SolutionGuid = {D32DE346-2BD4-451E-A974-3368F29F8AF8}
	EndGlobalSection
EndGlobal
